
Microsoft Visual Studio Solution File, Format Version 12.00
# Visual Studio Version 17
VisualStudioVersion = 17.10.35004.147
MinimumVisualStudioVersion = 10.0.40219.1
Project("{FAE04EC0-301F-11D3-BF4B-00C04F79EFBC}") = "bai17_FORMATTEXT", "bai17_FORMATTEXT\bai17_FORMATTEXT.csproj", "{CA881CE3-C23A-4139-B60B-C4D24A7EFCCE}"
EndProject
Global
	GlobalSection(SolutionConfigurationPlatforms) = preSolution
		Debug|Any CPU = Debug|Any CPU
		Release|Any CPU = Release|Any CPU
	EndGlobalSection
	GlobalSection(ProjectConfigurationPlatforms) = postSolution
		{CA881CE3-C23A-4139-B60B-C4D24A7EFCCE}.Debug|Any CPU.ActiveCfg = Debug|Any CPU
		{CA881CE3-C23A-4139-B60B-C4D24A7EFCCE}.Debug|Any CPU.Build.0 = Debug|Any CPU
		{CA881CE3-C23A-4139-B60B-C4D24A7EFCCE}.Release|Any CPU.ActiveCfg = Release|Any CPU
		{CA881CE3-C23A-4139-B60B-C4D24A7EFCCE}.Release|Any CPU.Build.0 = Release|Any CPU
	EndGlobalSection
	GlobalSection(SolutionProperties) = preSolution
		HideSolutionNode = FALSE
	EndGlobalSection
	GlobalSection(ExtensibilityGlobals) = postSolution
		SolutionGuid = {0D0C0FE3-958E-4BDF-AE85-0B3E02BE7A67}
	EndGlobalSection
EndGlobal
